
Microsoft Visual Studio Solution File, Format Version 12.00
# Visual Studio Version 16
VisualStudioVersion = 16.0.28803.156
MinimumVisualStudioVersion = 10.0.40219.1
Project("{FAE04EC0-301F-11D3-BF4B-00C04F79EFBC}") = "ProgInternetIII", "ProgInternetIII\ProgInternetIII.csproj", "{729A5A13-96D7-42D3-9C31-EFDF903F7047}"
EndProject
Global
	GlobalSection(SolutionConfigurationPlatforms) = preSolution
		Debug|Any CPU = Debug|Any CPU
		Release|Any CPU = Release|Any CPU
	EndGlobalSection
	GlobalSection(ProjectConfigurationPlatforms) = postSolution
		{729A5A13-96D7-42D3-9C31-EFDF903F7047}.Debug|Any CPU.ActiveCfg = Debug|Any CPU
		{729A5A13-96D7-42D3-9C31-EFDF903F7047}.Debug|Any CPU.Build.0 = Debug|Any CPU
		{729A5A13-96D7-42D3-9C31-EFDF903F7047}.Release|Any CPU.ActiveCfg = Release|Any CPU
		{729A5A13-96D7-42D3-9C31-EFDF903F7047}.Release|Any CPU.Build.0 = Release|Any CPU
	EndGlobalSection
	GlobalSection(SolutionProperties) = preSolution
		HideSolutionNode = FALSE
	EndGlobalSection
	GlobalSection(ExtensibilityGlobals) = postSolution
		SolutionGuid = {7B227DAF-2DF5-400A-B1B3-4BEBBDF4D9A5}
	EndGlobalSection
EndGlobal
